// !$*UTF8*$!
{
	archiveVersion = 1;
	classes = {
	};
	objectVersion = 52;
	objects = {

/* Begin PBXBuildFile section */
		752D6F8226327B810024B8F8 /* AppDelegate.swift in Sources */ = {isa = PBXBuildFile; fileRef = 752D6F8126327B810024B8F8 /* AppDelegate.swift */; };
		752D6F8426327B810024B8F8 /* SceneDelegate.swift in Sources */ = {isa = PBXBuildFile; fileRef = 752D6F8326327B810024B8F8 /* SceneDelegate.swift */; };
		752D6F8626327B810024B8F8 /* ContentView.swift in Sources */ = {isa = PBXBuildFile; fileRef = 752D6F8526327B810024B8F8 /* ContentView.swift */; };
		752D6F8826327B820024B8F8 /* Assets.xcassets in Resources */ = {isa = PBXBuildFile; fileRef = 752D6F8726327B820024B8F8 /* Assets.xcassets */; };
		752D6F8B26327B820024B8F8 /* Preview Assets.xcassets in Resources */ = {isa = PBXBuildFile; fileRef = 752D6F8A26327B820024B8F8 /* Preview Assets.xcassets */; };
		752D6F8E26327B820024B8F8 /* LaunchScreen.storyboard in Resources */ = {isa = PBXBuildFile; fileRef = 752D6F8C26327B820024B8F8 /* LaunchScreen.storyboard */; };
		752D6FAB26327DA10024B8F8 /* Home.swift in Sources */ = {isa = PBXBuildFile; fileRef = 752D6FAA26327DA10024B8F8 /* Home.swift */; };
		752D6FAE26327DFB0024B8F8 /* GameRow.swift in Sources */ = {isa = PBXBuildFile; fileRef = 752D6FAD26327DFB0024B8F8 /* GameRow.swift */; };
		752D6FB226327E3F0024B8F8 /* SDWebImageSwiftUI in Frameworks */ = {isa = PBXBuildFile; productRef = 752D6FB126327E3F0024B8F8 /* SDWebImageSwiftUI */; };
		752D6FB626327E640024B8F8 /* RxCocoa in Frameworks */ = {isa = PBXBuildFile; productRef = 752D6FB526327E640024B8F8 /* RxCocoa */; };
		752D6FB826327E640024B8F8 /* RxSwift in Frameworks */ = {isa = PBXBuildFile; productRef = 752D6FB726327E640024B8F8 /* RxSwift */; };
		752D6FBC26327EAD0024B8F8 /* Alamofire in Frameworks */ = {isa = PBXBuildFile; productRef = 752D6FBB26327EAD0024B8F8 /* Alamofire */; };
		752D6FBF2632A63C0024B8F8 /* CustomError.swift in Sources */ = {isa = PBXBuildFile; fileRef = 752D6FBE2632A63C0024B8F8 /* CustomError.swift */; };
		752D6FC22632A7280024B8F8 /* ActivityIndicator.swift in Sources */ = {isa = PBXBuildFile; fileRef = 752D6FC12632A7280024B8F8 /* ActivityIndicator.swift */; };
		752D6FC62632A8DC0024B8F8 /* APICall.swift in Sources */ = {isa = PBXBuildFile; fileRef = 752D6FC52632A8DC0024B8F8 /* APICall.swift */; };
		752D6FCA2632A9A10024B8F8 /* GameMapper.swift in Sources */ = {isa = PBXBuildFile; fileRef = 752D6FC92632A9A10024B8F8 /* GameMapper.swift */; };
		752D6FCD2632A9C80024B8F8 /* GameResponse.swift in Sources */ = {isa = PBXBuildFile; fileRef = 752D6FCC2632A9C80024B8F8 /* GameResponse.swift */; };
		752D6FD02632AAC40024B8F8 /* RemoteDataSource.swift in Sources */ = {isa = PBXBuildFile; fileRef = 752D6FCF2632AAC40024B8F8 /* RemoteDataSource.swift */; };
		752D6FD32632AB670024B8F8 /* GameModel.swift in Sources */ = {isa = PBXBuildFile; fileRef = 752D6FD22632AB670024B8F8 /* GameModel.swift */; };
		752D6FD72632AD6A0024B8F8 /* GameRepository.swift in Sources */ = {isa = PBXBuildFile; fileRef = 752D6FD62632AD6A0024B8F8 /* GameRepository.swift */; };
		752D6FDB2632AFB90024B8F8 /* GameListViewModel.swift in Sources */ = {isa = PBXBuildFile; fileRef = 752D6FDA2632AFB90024B8F8 /* GameListViewModel.swift */; };
		752D6FDE2632AFE20024B8F8 /* BaseViewModel.swift in Sources */ = {isa = PBXBuildFile; fileRef = 752D6FDD2632AFE20024B8F8 /* BaseViewModel.swift */; };
		752D6FE32632B4810024B8F8 /* Injection.swift in Sources */ = {isa = PBXBuildFile; fileRef = 752D6FE22632B4810024B8F8 /* Injection.swift */; };
		75D4B26826345D20006CE5F4 /* DetailGame.swift in Sources */ = {isa = PBXBuildFile; fileRef = 75D4B26726345D20006CE5F4 /* DetailGame.swift */; };
		75D4B26F26346A80006CE5F4 /* Response.swift in Sources */ = {isa = PBXBuildFile; fileRef = 75D4B26E26346A80006CE5F4 /* Response.swift */; };
		75D4B272263474DE006CE5F4 /* DeveloperModel.swift in Sources */ = {isa = PBXBuildFile; fileRef = 75D4B271263474DE006CE5F4 /* DeveloperModel.swift */; };
		75D4B2752634753D006CE5F4 /* DeveloperMapper.swift in Sources */ = {isa = PBXBuildFile; fileRef = 75D4B2742634753D006CE5F4 /* DeveloperMapper.swift */; };
		75D4B27826347562006CE5F4 /* DeveloperResponser.swift in Sources */ = {isa = PBXBuildFile; fileRef = 75D4B27726347562006CE5F4 /* DeveloperResponser.swift */; };
		75D4B27C26347700006CE5F4 /* DeveloperViewModel.swift in Sources */ = {isa = PBXBuildFile; fileRef = 75D4B27B26347700006CE5F4 /* DeveloperViewModel.swift */; };
		75D4B27F26347748006CE5F4 /* DeveloperRow.swift in Sources */ = {isa = PBXBuildFile; fileRef = 75D4B27E26347748006CE5F4 /* DeveloperRow.swift */; };
/* End PBXBuildFile section */

/* Begin PBXFileReference section */
		752D6F7E26327B810024B8F8 /* TheGamesAppMVVM.app */ = {isa = PBXFileReference; explicitFileType = wrapper.application; includeInIndex = 0; path = TheGamesAppMVVM.app; sourceTree = BUILT_PRODUCTS_DIR; };
		752D6F8126327B810024B8F8 /* AppDelegate.swift */ = {isa = PBXFileReference; lastKnownFileType = sourcecode.swift; path = AppDelegate.swift; sourceTree = "<group>"; };
		752D6F8326327B810024B8F8 /* SceneDelegate.swift */ = {isa = PBXFileReference; lastKnownFileType = sourcecode.swift; path = SceneDelegate.swift; sourceTree = "<group>"; };
		752D6F8526327B810024B8F8 /* ContentView.swift */ = {isa = PBXFileReference; lastKnownFileType = sourcecode.swift; path = ContentView.swift; sourceTree = "<group>"; };
		752D6F8726327B820024B8F8 /* Assets.xcassets */ = {isa = PBXFileReference; lastKnownFileType = folder.assetcatalog; path = Assets.xcassets; sourceTree = "<group>"; };
		752D6F8A26327B820024B8F8 /* Preview Assets.xcassets */ = {isa = PBXFileReference; lastKnownFileType = folder.assetcatalog; path = "Preview Assets.xcassets"; sourceTree = "<group>"; };
		752D6F8D26327B820024B8F8 /* Base */ = {isa = PBXFileReference; lastKnownFileType = file.storyboard; name = Base; path = Base.lproj/LaunchScreen.storyboard; sourceTree = "<group>"; };
		752D6F8F26327B820024B8F8 /* Info.plist */ = {isa = PBXFileReference; lastKnownFileType = text.plist.xml; path = Info.plist; sourceTree = "<group>"; };
		752D6FAA26327DA10024B8F8 /* Home.swift */ = {isa = PBXFileReference; lastKnownFileType = sourcecode.swift; path = Home.swift; sourceTree = "<group>"; };
		752D6FAD26327DFB0024B8F8 /* GameRow.swift */ = {isa = PBXFileReference; lastKnownFileType = sourcecode.swift; path = GameRow.swift; sourceTree = "<group>"; };
		752D6FBE2632A63C0024B8F8 /* CustomError.swift */ = {isa = PBXFileReference; lastKnownFileType = sourcecode.swift; path = CustomError.swift; sourceTree = "<group>"; };
		752D6FC12632A7280024B8F8 /* ActivityIndicator.swift */ = {isa = PBXFileReference; lastKnownFileType = sourcecode.swift; path = ActivityIndicator.swift; sourceTree = "<group>"; };
		752D6FC52632A8DC0024B8F8 /* APICall.swift */ = {isa = PBXFileReference; lastKnownFileType = sourcecode.swift; path = APICall.swift; sourceTree = "<group>"; };
		752D6FC92632A9A10024B8F8 /* GameMapper.swift */ = {isa = PBXFileReference; lastKnownFileType = sourcecode.swift; path = GameMapper.swift; sourceTree = "<group>"; };
		752D6FCC2632A9C80024B8F8 /* GameResponse.swift */ = {isa = PBXFileReference; lastKnownFileType = sourcecode.swift; path = GameResponse.swift; sourceTree = "<group>"; };
		752D6FCF2632AAC40024B8F8 /* RemoteDataSource.swift */ = {isa = PBXFileReference; lastKnownFileType = sourcecode.swift; path = RemoteDataSource.swift; sourceTree = "<group>"; };
		752D6FD22632AB670024B8F8 /* GameModel.swift */ = {isa = PBXFileReference; lastKnownFileType = sourcecode.swift; path = GameModel.swift; sourceTree = "<group>"; };
		752D6FD62632AD6A0024B8F8 /* GameRepository.swift */ = {isa = PBXFileReference; lastKnownFileType = sourcecode.swift; path = GameRepository.swift; sourceTree = "<group>"; };
		752D6FDA2632AFB90024B8F8 /* GameListViewModel.swift */ = {isa = PBXFileReference; lastKnownFileType = sourcecode.swift; path = GameListViewModel.swift; sourceTree = "<group>"; };
		752D6FDD2632AFE20024B8F8 /* BaseViewModel.swift */ = {isa = PBXFileReference; lastKnownFileType = sourcecode.swift; path = BaseViewModel.swift; sourceTree = "<group>"; };
		752D6FE22632B4810024B8F8 /* Injection.swift */ = {isa = PBXFileReference; lastKnownFileType = sourcecode.swift; path = Injection.swift; sourceTree = "<group>"; };
		75D4B26726345D20006CE5F4 /* DetailGame.swift */ = {isa = PBXFileReference; lastKnownFileType = sourcecode.swift; path = DetailGame.swift; sourceTree = "<group>"; };
		75D4B26E26346A80006CE5F4 /* Response.swift */ = {isa = PBXFileReference; lastKnownFileType = sourcecode.swift; path = Response.swift; sourceTree = "<group>"; };
		75D4B271263474DE006CE5F4 /* DeveloperModel.swift */ = {isa = PBXFileReference; lastKnownFileType = sourcecode.swift; path = DeveloperModel.swift; sourceTree = "<group>"; };
		75D4B2742634753D006CE5F4 /* DeveloperMapper.swift */ = {isa = PBXFileReference; lastKnownFileType = sourcecode.swift; path = DeveloperMapper.swift; sourceTree = "<group>"; };
		75D4B27726347562006CE5F4 /* DeveloperResponser.swift */ = {isa = PBXFileReference; lastKnownFileType = sourcecode.swift; path = DeveloperResponser.swift; sourceTree = "<group>"; };
		75D4B27B26347700006CE5F4 /* DeveloperViewModel.swift */ = {isa = PBXFileReference; lastKnownFileType = sourcecode.swift; path = DeveloperViewModel.swift; sourceTree = "<group>"; };
		75D4B27E26347748006CE5F4 /* DeveloperRow.swift */ = {isa = PBXFileReference; lastKnownFileType = sourcecode.swift; path = DeveloperRow.swift; sourceTree = "<group>"; };
/* End PBXFileReference section */

/* Begin PBXFrameworksBuildPhase section */
		752D6F7B26327B810024B8F8 /* Frameworks */ = {
			isa = PBXFrameworksBuildPhase;
			buildActionMask = 2147483647;
			files = (
				752D6FB826327E640024B8F8 /* RxSwift in Frameworks */,
				752D6FBC26327EAD0024B8F8 /* Alamofire in Frameworks */,
				752D6FB626327E640024B8F8 /* RxCocoa in Frameworks */,
				752D6FB226327E3F0024B8F8 /* SDWebImageSwiftUI in Frameworks */,
			);
			runOnlyForDeploymentPostprocessing = 0;
		};
/* End PBXFrameworksBuildPhase section */

/* Begin PBXGroup section */
		752D6F7526327B810024B8F8 = {
			isa = PBXGroup;
			children = (
				752D6F8026327B810024B8F8 /* TheGamesAppMVVM */,
				752D6F7F26327B810024B8F8 /* Products */,
			);
			sourceTree = "<group>";
		};
		752D6F7F26327B810024B8F8 /* Products */ = {
			isa = PBXGroup;
			children = (
				752D6F7E26327B810024B8F8 /* TheGamesAppMVVM.app */,
			);
			name = Products;
			sourceTree = "<group>";
		};
		752D6F8026327B810024B8F8 /* TheGamesAppMVVM */ = {
			isa = PBXGroup;
			children = (
				752D6FA826327D880024B8F8 /* Module */,
				752D6F9926327CBB0024B8F8 /* Core */,
				752D6F9626327B9A0024B8F8 /* App */,
				752D6F9726327BF40024B8F8 /* SupportingFiles */,
				752D6F8926327B820024B8F8 /* Preview Content */,
			);
			path = TheGamesAppMVVM;
			sourceTree = "<group>";
		};
		752D6F8926327B820024B8F8 /* Preview Content */ = {
			isa = PBXGroup;
			children = (
				752D6F8A26327B820024B8F8 /* Preview Assets.xcassets */,
			);
			path = "Preview Content";
			sourceTree = "<group>";
		};
		752D6F9626327B9A0024B8F8 /* App */ = {
			isa = PBXGroup;
			children = (
				752D6F8126327B810024B8F8 /* AppDelegate.swift */,
				752D6F8326327B810024B8F8 /* SceneDelegate.swift */,
				752D6F8526327B810024B8F8 /* ContentView.swift */,
			);
			path = App;
			sourceTree = "<group>";
		};
		752D6F9726327BF40024B8F8 /* SupportingFiles */ = {
			isa = PBXGroup;
			children = (
				752D6F8726327B820024B8F8 /* Assets.xcassets */,
				752D6F8C26327B820024B8F8 /* LaunchScreen.storyboard */,
				752D6F8F26327B820024B8F8 /* Info.plist */,
			);
			path = SupportingFiles;
			sourceTree = "<group>";
		};
		752D6F9926327CBB0024B8F8 /* Core */ = {
			isa = PBXGroup;
			children = (
				752D6FD92632AFAD0024B8F8 /* ViewModels */,
				752D6F9D26327CE20024B8F8 /* Utils */,
				752D6F9C26327CDD0024B8F8 /* Domain */,
				752D6F9B26327CD30024B8F8 /* DI */,
				752D6F9A26327CCE0024B8F8 /* Data */,
			);
			path = Core;
			sourceTree = "<group>";
		};
		752D6F9A26327CCE0024B8F8 /* Data */ = {
			isa = PBXGroup;
			children = (
				752D6FD52632AD5B0024B8F8 /* Repository */,
				752D6F9E26327CF30024B8F8 /* Remote */,
			);
			path = Data;
			sourceTree = "<group>";
		};
		752D6F9B26327CD30024B8F8 /* DI */ = {
			isa = PBXGroup;
			children = (
				752D6FE22632B4810024B8F8 /* Injection.swift */,
			);
			path = DI;
			sourceTree = "<group>";
		};
		752D6F9C26327CDD0024B8F8 /* Domain */ = {
			isa = PBXGroup;
			children = (
				752D6FA326327D3B0024B8F8 /* Models */,
				752D6FA226327D350024B8F8 /* UseCase */,
			);
			path = Domain;
			sourceTree = "<group>";
		};
		752D6F9D26327CE20024B8F8 /* Utils */ = {
			isa = PBXGroup;
			children = (
				752D6FA726327D730024B8F8 /* Extensions */,
				752D6FA626327D6D0024B8F8 /* Views */,
				752D6FA526327D680024B8F8 /* Mapper */,
				752D6FA426327D630024B8F8 /* Network */,
			);
			path = Utils;
			sourceTree = "<group>";
		};
		752D6F9E26327CF30024B8F8 /* Remote */ = {
			isa = PBXGroup;
			children = (
				752D6FA126327D150024B8F8 /* Response */,
				752D6FCF2632AAC40024B8F8 /* RemoteDataSource.swift */,
			);
			path = Remote;
			sourceTree = "<group>";
		};
		752D6FA126327D150024B8F8 /* Response */ = {
			isa = PBXGroup;
			children = (
				752D6FCC2632A9C80024B8F8 /* GameResponse.swift */,
				75D4B26E26346A80006CE5F4 /* Response.swift */,
				75D4B27726347562006CE5F4 /* DeveloperResponser.swift */,
			);
			path = Response;
			sourceTree = "<group>";
		};
		752D6FA226327D350024B8F8 /* UseCase */ = {
			isa = PBXGroup;
			children = (
			);
			path = UseCase;
			sourceTree = "<group>";
		};
		752D6FA326327D3B0024B8F8 /* Models */ = {
			isa = PBXGroup;
			children = (
				752D6FD22632AB670024B8F8 /* GameModel.swift */,
				75D4B271263474DE006CE5F4 /* DeveloperModel.swift */,
			);
			path = Models;
			sourceTree = "<group>";
		};
		752D6FA426327D630024B8F8 /* Network */ = {
			isa = PBXGroup;
			children = (
				752D6FC52632A8DC0024B8F8 /* APICall.swift */,
			);
			path = Network;
			sourceTree = "<group>";
		};
		752D6FA526327D680024B8F8 /* Mapper */ = {
			isa = PBXGroup;
			children = (
				752D6FC92632A9A10024B8F8 /* GameMapper.swift */,
				75D4B2742634753D006CE5F4 /* DeveloperMapper.swift */,
			);
			path = Mapper;
			sourceTree = "<group>";
		};
		752D6FA626327D6D0024B8F8 /* Views */ = {
			isa = PBXGroup;
			children = (
				752D6FC12632A7280024B8F8 /* ActivityIndicator.swift */,
			);
			path = Views;
			sourceTree = "<group>";
		};
		752D6FA726327D730024B8F8 /* Extensions */ = {
			isa = PBXGroup;
			children = (
				752D6FBE2632A63C0024B8F8 /* CustomError.swift */,
			);
			path = Extensions;
			sourceTree = "<group>";
		};
		752D6FA826327D880024B8F8 /* Module */ = {
			isa = PBXGroup;
			children = (
				75D4B26626345CC1006CE5F4 /* Detail */,
				752D6FA926327D940024B8F8 /* Home */,
			);
			path = Module;
			sourceTree = "<group>";
		};
		752D6FA926327D940024B8F8 /* Home */ = {
			isa = PBXGroup;
			children = (
				752D6FAA26327DA10024B8F8 /* Home.swift */,
				752D6FAD26327DFB0024B8F8 /* GameRow.swift */,
				75D4B27E26347748006CE5F4 /* DeveloperRow.swift */,
			);
			path = Home;
			sourceTree = "<group>";
		};
		752D6FD52632AD5B0024B8F8 /* Repository */ = {
			isa = PBXGroup;
			children = (
				752D6FD62632AD6A0024B8F8 /* GameRepository.swift */,
			);
			path = Repository;
			sourceTree = "<group>";
		};
		752D6FD92632AFAD0024B8F8 /* ViewModels */ = {
			isa = PBXGroup;
			children = (
				752D6FDD2632AFE20024B8F8 /* BaseViewModel.swift */,
				752D6FDA2632AFB90024B8F8 /* GameListViewModel.swift */,
				75D4B27B26347700006CE5F4 /* DeveloperViewModel.swift */,
			);
			path = ViewModels;
			sourceTree = "<group>";
		};
		75D4B26626345CC1006CE5F4 /* Detail */ = {
			isa = PBXGroup;
			children = (
				75D4B26726345D20006CE5F4 /* DetailGame.swift */,
			);
			path = Detail;
			sourceTree = "<group>";
		};
/* End PBXGroup section */

/* Begin PBXNativeTarget section */
		752D6F7D26327B810024B8F8 /* TheGamesAppMVVM */ = {
			isa = PBXNativeTarget;
			buildConfigurationList = 752D6F9226327B820024B8F8 /* Build configuration list for PBXNativeTarget "TheGamesAppMVVM" */;
			buildPhases = (
				752D6F7A26327B810024B8F8 /* Sources */,
				752D6F7B26327B810024B8F8 /* Frameworks */,
				752D6F7C26327B810024B8F8 /* Resources */,
			);
			buildRules = (
			);
			dependencies = (
			);
			name = TheGamesAppMVVM;
			packageProductDependencies = (
				752D6FB126327E3F0024B8F8 /* SDWebImageSwiftUI */,
				752D6FB526327E640024B8F8 /* RxCocoa */,
				752D6FB726327E640024B8F8 /* RxSwift */,
				752D6FBB26327EAD0024B8F8 /* Alamofire */,
			);
			productName = TheGamesAppMVVM;
			productReference = 752D6F7E26327B810024B8F8 /* TheGamesAppMVVM.app */;
			productType = "com.apple.product-type.application";
		};
/* End PBXNativeTarget section */

/* Begin PBXProject section */
		752D6F7626327B810024B8F8 /* Project object */ = {
			isa = PBXProject;
			attributes = {
				LastSwiftUpdateCheck = 1240;
				LastUpgradeCheck = 1240;
				TargetAttributes = {
					752D6F7D26327B810024B8F8 = {
						CreatedOnToolsVersion = 12.4;
					};
				};
			};
			buildConfigurationList = 752D6F7926327B810024B8F8 /* Build configuration list for PBXProject "TheGamesAppMVVM" */;
			compatibilityVersion = "Xcode 9.3";
			developmentRegion = en;
			hasScannedForEncodings = 0;
			knownRegions = (
				en,
				Base,
			);
			mainGroup = 752D6F7526327B810024B8F8;
			packageReferences = (
				752D6FB026327E3F0024B8F8 /* XCRemoteSwiftPackageReference "SDWebImageSwiftUI" */,
				752D6FB426327E640024B8F8 /* XCRemoteSwiftPackageReference "RxSwift" */,
				752D6FBA26327EAD0024B8F8 /* XCRemoteSwiftPackageReference "Alamofire" */,
			);
			productRefGroup = 752D6F7F26327B810024B8F8 /* Products */;
			projectDirPath = "";
			projectRoot = "";
			targets = (
				752D6F7D26327B810024B8F8 /* TheGamesAppMVVM */,
			);
		};
/* End PBXProject section */

/* Begin PBXResourcesBuildPhase section */
		752D6F7C26327B810024B8F8 /* Resources */ = {
			isa = PBXResourcesBuildPhase;
			buildActionMask = 2147483647;
			files = (
				752D6F8E26327B820024B8F8 /* LaunchScreen.storyboard in Resources */,
				752D6F8B26327B820024B8F8 /* Preview Assets.xcassets in Resources */,
				752D6F8826327B820024B8F8 /* Assets.xcassets in Resources */,
			);
			runOnlyForDeploymentPostprocessing = 0;
		};
/* End PBXResourcesBuildPhase section */

/* Begin PBXSourcesBuildPhase section */
		752D6F7A26327B810024B8F8 /* Sources */ = {
			isa = PBXSourcesBuildPhase;
			buildActionMask = 2147483647;
			files = (
				752D6FDB2632AFB90024B8F8 /* GameListViewModel.swift in Sources */,
				752D6FCA2632A9A10024B8F8 /* GameMapper.swift in Sources */,
				75D4B27F26347748006CE5F4 /* DeveloperRow.swift in Sources */,
				752D6F8226327B810024B8F8 /* AppDelegate.swift in Sources */,
				752D6FD02632AAC40024B8F8 /* RemoteDataSource.swift in Sources */,
				75D4B26F26346A80006CE5F4 /* Response.swift in Sources */,
				75D4B27C26347700006CE5F4 /* DeveloperViewModel.swift in Sources */,
				752D6F8426327B810024B8F8 /* SceneDelegate.swift in Sources */,
				752D6FAE26327DFB0024B8F8 /* GameRow.swift in Sources */,
				752D6FD32632AB670024B8F8 /* GameModel.swift in Sources */,
				752D6FAB26327DA10024B8F8 /* Home.swift in Sources */,
				75D4B272263474DE006CE5F4 /* DeveloperModel.swift in Sources */,
				752D6FD72632AD6A0024B8F8 /* GameRepository.swift in Sources */,
				75D4B2752634753D006CE5F4 /* DeveloperMapper.swift in Sources */,
				752D6FC22632A7280024B8F8 /* ActivityIndicator.swift in Sources */,
				752D6F8626327B810024B8F8 /* ContentView.swift in Sources */,
				752D6FDE2632AFE20024B8F8 /* BaseViewModel.swift in Sources */,
				752D6FC62632A8DC0024B8F8 /* APICall.swift in Sources */,
				75D4B27826347562006CE5F4 /* DeveloperResponser.swift in Sources */,
				752D6FE32632B4810024B8F8 /* Injection.swift in Sources */,
				752D6FCD2632A9C80024B8F8 /* GameResponse.swift in Sources */,
				75D4B26826345D20006CE5F4 /* DetailGame.swift in Sources */,
				752D6FBF2632A63C0024B8F8 /* CustomError.swift in Sources */,
			);
			runOnlyForDeploymentPostprocessing = 0;
		};
/* End PBXSourcesBuildPhase section */

/* Begin PBXVariantGroup section */
		752D6F8C26327B820024B8F8 /* LaunchScreen.storyboard */ = {
			isa = PBXVariantGroup;
			children = (
				752D6F8D26327B820024B8F8 /* Base */,
			);
			name = LaunchScreen.storyboard;
			sourceTree = "<group>";
		};
/* End PBXVariantGroup section */

/* Begin XCBuildConfiguration section */
		752D6F9026327B820024B8F8 /* Debug */ = {
			isa = XCBuildConfiguration;
			buildSettings = {
				ALWAYS_SEARCH_USER_PATHS = NO;
				CLANG_ANALYZER_NONNULL = YES;
				CLANG_ANALYZER_NUMBER_OBJECT_CONVERSION = YES_AGGRESSIVE;
				CLANG_CXX_LANGUAGE_STANDARD = "gnu++14";
				CLANG_CXX_LIBRARY = "libc++";
				CLANG_ENABLE_MODULES = YES;
				CLANG_ENABLE_OBJC_ARC = YES;
				CLANG_ENABLE_OBJC_WEAK = YES;
				CLANG_WARN_BLOCK_CAPTURE_AUTORELEASING = YES;
				CLANG_WARN_BOOL_CONVERSION = YES;
				CLANG_WARN_COMMA = YES;
				CLANG_WARN_CONSTANT_CONVERSION = YES;
				CLANG_WARN_DEPRECATED_OBJC_IMPLEMENTATIONS = YES;
				CLANG_WARN_DIRECT_OBJC_ISA_USAGE = YES_ERROR;
				CLANG_WARN_DOCUMENTATION_COMMENTS = YES;
				CLANG_WARN_EMPTY_BODY = YES;
				CLANG_WARN_ENUM_CONVERSION = YES;
				CLANG_WARN_INFINITE_RECURSION = YES;
				CLANG_WARN_INT_CONVERSION = YES;
				CLANG_WARN_NON_LITERAL_NULL_CONVERSION = YES;
				CLANG_WARN_OBJC_IMPLICIT_RETAIN_SELF = YES;
				CLANG_WARN_OBJC_LITERAL_CONVERSION = YES;
				CLANG_WARN_OBJC_ROOT_CLASS = YES_ERROR;
				CLANG_WARN_QUOTED_INCLUDE_IN_FRAMEWORK_HEADER = YES;
				CLANG_WARN_RANGE_LOOP_ANALYSIS = YES;
				CLANG_WARN_STRICT_PROTOTYPES = YES;
				CLANG_WARN_SUSPICIOUS_MOVE = YES;
				CLANG_WARN_UNGUARDED_AVAILABILITY = YES_AGGRESSIVE;
				CLANG_WARN_UNREACHABLE_CODE = YES;
				CLANG_WARN__DUPLICATE_METHOD_MATCH = YES;
				COPY_PHASE_STRIP = NO;
				DEBUG_INFORMATION_FORMAT = dwarf;
				ENABLE_STRICT_OBJC_MSGSEND = YES;
				ENABLE_TESTABILITY = YES;
				GCC_C_LANGUAGE_STANDARD = gnu11;
				GCC_DYNAMIC_NO_PIC = NO;
				GCC_NO_COMMON_BLOCKS = YES;
				GCC_OPTIMIZATION_LEVEL = 0;
				GCC_PREPROCESSOR_DEFINITIONS = (
					"DEBUG=1",
					"$(inherited)",
				);
				GCC_WARN_64_TO_32_BIT_CONVERSION = YES;
				GCC_WARN_ABOUT_RETURN_TYPE = YES_ERROR;
				GCC_WARN_UNDECLARED_SELECTOR = YES;
				GCC_WARN_UNINITIALIZED_AUTOS = YES_AGGRESSIVE;
				GCC_WARN_UNUSED_FUNCTION = YES;
				GCC_WARN_UNUSED_VARIABLE = YES;
				IPHONEOS_DEPLOYMENT_TARGET = 14.4;
				MTL_ENABLE_DEBUG_INFO = INCLUDE_SOURCE;
				MTL_FAST_MATH = YES;
				ONLY_ACTIVE_ARCH = YES;
				SDKROOT = iphoneos;
				SWIFT_ACTIVE_COMPILATION_CONDITIONS = DEBUG;
				SWIFT_OPTIMIZATION_LEVEL = "-Onone";
			};
			name = Debug;
		};
		752D6F9126327B820024B8F8 /* Release */ = {
			isa = XCBuildConfiguration;
			buildSettings = {
				ALWAYS_SEARCH_USER_PATHS = NO;
				CLANG_ANALYZER_NONNULL = YES;
				CLANG_ANALYZER_NUMBER_OBJECT_CONVERSION = YES_AGGRESSIVE;
				CLANG_CXX_LANGUAGE_STANDARD = "gnu++14";
				CLANG_CXX_LIBRARY = "libc++";
				CLANG_ENABLE_MODULES = YES;
				CLANG_ENABLE_OBJC_ARC = YES;
				CLANG_ENABLE_OBJC_WEAK = YES;
				CLANG_WARN_BLOCK_CAPTURE_AUTORELEASING = YES;
				CLANG_WARN_BOOL_CONVERSION = YES;
				CLANG_WARN_COMMA = YES;
				CLANG_WARN_CONSTANT_CONVERSION = YES;
				CLANG_WARN_DEPRECATED_OBJC_IMPLEMENTATIONS = YES;
				CLANG_WARN_DIRECT_OBJC_ISA_USAGE = YES_ERROR;
				CLANG_WARN_DOCUMENTATION_COMMENTS = YES;
				CLANG_WARN_EMPTY_BODY = YES;
				CLANG_WARN_ENUM_CONVERSION = YES;
				CLANG_WARN_INFINITE_RECURSION = YES;
				CLANG_WARN_INT_CONVERSION = YES;
				CLANG_WARN_NON_LITERAL_NULL_CONVERSION = YES;
				CLANG_WARN_OBJC_IMPLICIT_RETAIN_SELF = YES;
				CLANG_WARN_OBJC_LITERAL_CONVERSION = YES;
				CLANG_WARN_OBJC_ROOT_CLASS = YES_ERROR;
				CLANG_WARN_QUOTED_INCLUDE_IN_FRAMEWORK_HEADER = YES;
				CLANG_WARN_RANGE_LOOP_ANALYSIS = YES;
				CLANG_WARN_STRICT_PROTOTYPES = YES;
				CLANG_WARN_SUSPICIOUS_MOVE = YES;
				CLANG_WARN_UNGUARDED_AVAILABILITY = YES_AGGRESSIVE;
				CLANG_WARN_UNREACHABLE_CODE = YES;
				CLANG_WARN__DUPLICATE_METHOD_MATCH = YES;
				COPY_PHASE_STRIP = NO;
				DEBUG_INFORMATION_FORMAT = "dwarf-with-dsym";
				ENABLE_NS_ASSERTIONS = NO;
				ENABLE_STRICT_OBJC_MSGSEND = YES;
				GCC_C_LANGUAGE_STANDARD = gnu11;
				GCC_NO_COMMON_BLOCKS = YES;
				GCC_WARN_64_TO_32_BIT_CONVERSION = YES;
				GCC_WARN_ABOUT_RETURN_TYPE = YES_ERROR;
				GCC_WARN_UNDECLARED_SELECTOR = YES;
				GCC_WARN_UNINITIALIZED_AUTOS = YES_AGGRESSIVE;
				GCC_WARN_UNUSED_FUNCTION = YES;
				GCC_WARN_UNUSED_VARIABLE = YES;
				IPHONEOS_DEPLOYMENT_TARGET = 14.4;
				MTL_ENABLE_DEBUG_INFO = NO;
				MTL_FAST_MATH = YES;
				SDKROOT = iphoneos;
				SWIFT_COMPILATION_MODE = wholemodule;
				SWIFT_OPTIMIZATION_LEVEL = "-O";
				VALIDATE_PRODUCT = YES;
			};
			name = Release;
		};
		752D6F9326327B820024B8F8 /* Debug */ = {
			isa = XCBuildConfiguration;
			buildSettings = {
				ASSETCATALOG_COMPILER_APPICON_NAME = AppIcon;
				ASSETCATALOG_COMPILER_GLOBAL_ACCENT_COLOR_NAME = AccentColor;
				CODE_SIGN_STYLE = Automatic;
				DEVELOPMENT_ASSET_PATHS = "\"TheGamesAppMVVM/Preview Content\"";
				DEVELOPMENT_TEAM = S2S2356V8X;
				ENABLE_PREVIEWS = YES;
				INFOPLIST_FILE = TheGamesAppMVVM/SupportingFiles/Info.plist;
				LD_RUNPATH_SEARCH_PATHS = (
					"$(inherited)",
					"@executable_path/Frameworks",
				);
				PRODUCT_BUNDLE_IDENTIFIER = com.froyout.TheGamesAppMVVM;
				PRODUCT_NAME = "$(TARGET_NAME)";
				SWIFT_VERSION = 5.0;
				TARGETED_DEVICE_FAMILY = "1,2";
			};
			name = Debug;
		};
		752D6F9426327B820024B8F8 /* Release */ = {
			isa = XCBuildConfiguration;
			buildSettings = {
				ASSETCATALOG_COMPILER_APPICON_NAME = AppIcon;
				ASSETCATALOG_COMPILER_GLOBAL_ACCENT_COLOR_NAME = AccentColor;
				CODE_SIGN_STYLE = Automatic;
				DEVELOPMENT_ASSET_PATHS = "\"TheGamesAppMVVM/Preview Content\"";
				DEVELOPMENT_TEAM = S2S2356V8X;
				ENABLE_PREVIEWS = YES;
				INFOPLIST_FILE = TheGamesAppMVVM/SupportingFiles/Info.plist;
				LD_RUNPATH_SEARCH_PATHS = (
					"$(inherited)",
					"@executable_path/Frameworks",
				);
				PRODUCT_BUNDLE_IDENTIFIER = com.froyout.TheGamesAppMVVM;
				PRODUCT_NAME = "$(TARGET_NAME)";
				SWIFT_VERSION = 5.0;
				TARGETED_DEVICE_FAMILY = "1,2";
			};
			name = Release;
		};
/* End XCBuildConfiguration section */

/* Begin XCConfigurationList section */
		752D6F7926327B810024B8F8 /* Build configuration list for PBXProject "TheGamesAppMVVM" */ = {
			isa = XCConfigurationList;
			buildConfigurations = (
				752D6F9026327B820024B8F8 /* Debug */,
				752D6F9126327B820024B8F8 /* Release */,
			);
			defaultConfigurationIsVisible = 0;
			defaultConfigurationName = Release;
		};
		752D6F9226327B820024B8F8 /* Build configuration list for PBXNativeTarget "TheGamesAppMVVM" */ = {
			isa = XCConfigurationList;
			buildConfigurations = (
				752D6F9326327B820024B8F8 /* Debug */,
				752D6F9426327B820024B8F8 /* Release */,
			);
			defaultConfigurationIsVisible = 0;
			defaultConfigurationName = Release;
		};
/* End XCConfigurationList section */

/* Begin XCRemoteSwiftPackageReference section */
		752D6FB026327E3F0024B8F8 /* XCRemoteSwiftPackageReference "SDWebImageSwiftUI" */ = {
			isa = XCRemoteSwiftPackageReference;
			repositoryURL = "https://github.com/SDWebImage/SDWebImageSwiftUI";
			requirement = {
				kind = upToNextMajorVersion;
				minimumVersion = 2.0.2;
			};
		};
		752D6FB426327E640024B8F8 /* XCRemoteSwiftPackageReference "RxSwift" */ = {
			isa = XCRemoteSwiftPackageReference;
			repositoryURL = "https://github.com/ReactiveX/RxSwift";
			requirement = {
				kind = upToNextMajorVersion;
				minimumVersion = 6.1.0;
			};
		};
		752D6FBA26327EAD0024B8F8 /* XCRemoteSwiftPackageReference "Alamofire" */ = {
			isa = XCRemoteSwiftPackageReference;
			repositoryURL = "https://github.com/Alamofire/Alamofire";
			requirement = {
				kind = upToNextMajorVersion;
				minimumVersion = 5.4.3;
			};
		};
/* End XCRemoteSwiftPackageReference section */

/* Begin XCSwiftPackageProductDependency section */
		752D6FB126327E3F0024B8F8 /* SDWebImageSwiftUI */ = {
			isa = XCSwiftPackageProductDependency;
			package = 752D6FB026327E3F0024B8F8 /* XCRemoteSwiftPackageReference "SDWebImageSwiftUI" */;
			productName = SDWebImageSwiftUI;
		};
		752D6FB526327E640024B8F8 /* RxCocoa */ = {
			isa = XCSwiftPackageProductDependency;
			package = 752D6FB426327E640024B8F8 /* XCRemoteSwiftPackageReference "RxSwift" */;
			productName = RxCocoa;
		};
		752D6FB726327E640024B8F8 /* RxSwift */ = {
			isa = XCSwiftPackageProductDependency;
			package = 752D6FB426327E640024B8F8 /* XCRemoteSwiftPackageReference "RxSwift" */;
			productName = RxSwift;
		};
		752D6FBB26327EAD0024B8F8 /* Alamofire */ = {
			isa = XCSwiftPackageProductDependency;
			package = 752D6FBA26327EAD0024B8F8 /* XCRemoteSwiftPackageReference "Alamofire" */;
			productName = Alamofire;
		};
/* End XCSwiftPackageProductDependency section */
	};
	rootObject = 752D6F7626327B810024B8F8 /* Project object */;
}
